
Microsoft Visual Studio Solution File, Format Version 12.00
# Visual Studio 2012
Project("{F2A71F9B-5D33-465A-A702-920D77279786}") = "FSharpApp", "FSharpApp\FSharpApp.fsproj", "{EA5A81DD-7CFD-4F8E-9E90-EE4E4AFDEADF}"
EndProject
Project("{2150E333-8FDC-42A3-9474-1A3956D46DE8}") = ".nuget", ".nuget", "{F5EF6C88-54AC-4051-863D-B06959FA7BDC}"
	ProjectSection(SolutionItems) = preProject
		.nuget\NuGet.Config = .nuget\NuGet.Config
		.nuget\NuGet.exe = .nuget\NuGet.exe
		.nuget\NuGet.targets = .nuget\NuGet.targets
	EndProjectSection
EndProject
Global
	GlobalSection(SolutionConfigurationPlatforms) = preSolution
		Debug|Any CPU = Debug|Any CPU
		Release|Any CPU = Release|Any CPU
	EndGlobalSection
	GlobalSection(ProjectConfigurationPlatforms) = postSolution
		{EA5A81DD-7CFD-4F8E-9E90-EE4E4AFDEADF}.Debug|Any CPU.ActiveCfg = Debug|Any CPU
		{EA5A81DD-7CFD-4F8E-9E90-EE4E4AFDEADF}.Debug|Any CPU.Build.0 = Debug|Any CPU
		{EA5A81DD-7CFD-4F8E-9E90-EE4E4AFDEADF}.Release|Any CPU.ActiveCfg = Release|Any CPU
		{EA5A81DD-7CFD-4F8E-9E90-EE4E4AFDEADF}.Release|Any CPU.Build.0 = Release|Any CPU
	EndGlobalSection
	GlobalSection(SolutionProperties) = preSolution
		HideSolutionNode = FALSE
	EndGlobalSection
EndGlobal
